
Microsoft Visual Studio Solution File, Format Version 12.00
# Visual Studio Version 16
VisualStudioVersion = 16.0.29519.87
MinimumVisualStudioVersion = 10.0.40219.1
Project("{FAE04EC0-301F-11D3-BF4B-00C04F79EFBC}") = "VIP_Lounge_Club", "VIP_Lounge_Club\VIP_Lounge_Club.csproj", "{E6192C50-0DD0-46B5-9D59-83A729BFBEF1}"
EndProject
Global
	GlobalSection(SolutionConfigurationPlatforms) = preSolution
		Debug|Any CPU = Debug|Any CPU
		Release|Any CPU = Release|Any CPU
	EndGlobalSection
	GlobalSection(ProjectConfigurationPlatforms) = postSolution
		{E6192C50-0DD0-46B5-9D59-83A729BFBEF1}.Debug|Any CPU.ActiveCfg = Debug|Any CPU
		{E6192C50-0DD0-46B5-9D59-83A729BFBEF1}.Debug|Any CPU.Build.0 = Debug|Any CPU
		{E6192C50-0DD0-46B5-9D59-83A729BFBEF1}.Release|Any CPU.ActiveCfg = Release|Any CPU
		{E6192C50-0DD0-46B5-9D59-83A729BFBEF1}.Release|Any CPU.Build.0 = Release|Any CPU
	EndGlobalSection
	GlobalSection(SolutionProperties) = preSolution
		HideSolutionNode = FALSE
	EndGlobalSection
	GlobalSection(ExtensibilityGlobals) = postSolution
		SolutionGuid = {4AD062C7-5643-45D6-A98A-EB6B3E1404E9}
	EndGlobalSection
EndGlobal
